
Microsoft Visual Studio Solution File, Format Version 12.00
# Visual Studio 15
VisualStudioVersion = 15.0.27130.2027
MinimumVisualStudioVersion = 10.0.40219.1
Project("{2150E333-8FDC-42A3-9474-1A3956D46DE8}") = "Solution Items", "Solution Items", "{4B22BE0C-26B8-457C-AB85-E9A877797828}"
	ProjectSection(SolutionItems) = preProject
		.gitattributes = .gitattributes
		.gitignore = .gitignore
	EndProjectSection
EndProject
Project("{9A19103F-16F7-4668-BE54-9A1E7A4F7556}") = "DocumentDbTools", "DocumentDbTools\DocumentDbTools.csproj", "{A81F147E-6477-4464-9243-90E0E04EF6B8}"
EndProject
Project("{9A19103F-16F7-4668-BE54-9A1E7A4F7556}") = "Common", "Common\Common.csproj", "{BEA4E002-725D-4FEE-8C8D-7587760EA4DB}"
EndProject
Project("{FAE04EC0-301F-11D3-BF4B-00C04F79EFBC}") = "dotnet-cosmodb", "dotnet-cosmodb\dotnet-cosmodb.csproj", "{E0A1D5FA-CD20-46DA-98D4-337A280F9F7F}"
EndProject
Global
	GlobalSection(SolutionConfigurationPlatforms) = preSolution
		Debug|Any CPU = Debug|Any CPU
		Release|Any CPU = Release|Any CPU
	EndGlobalSection
	GlobalSection(ProjectConfigurationPlatforms) = postSolution
		{A81F147E-6477-4464-9243-90E0E04EF6B8}.Debug|Any CPU.ActiveCfg = Debug|Any CPU
		{A81F147E-6477-4464-9243-90E0E04EF6B8}.Debug|Any CPU.Build.0 = Debug|Any CPU
		{A81F147E-6477-4464-9243-90E0E04EF6B8}.Release|Any CPU.ActiveCfg = Release|Any CPU
		{A81F147E-6477-4464-9243-90E0E04EF6B8}.Release|Any CPU.Build.0 = Release|Any CPU
		{BEA4E002-725D-4FEE-8C8D-7587760EA4DB}.Debug|Any CPU.ActiveCfg = Debug|Any CPU
		{BEA4E002-725D-4FEE-8C8D-7587760EA4DB}.Debug|Any CPU.Build.0 = Debug|Any CPU
		{BEA4E002-725D-4FEE-8C8D-7587760EA4DB}.Release|Any CPU.ActiveCfg = Release|Any CPU
		{BEA4E002-725D-4FEE-8C8D-7587760EA4DB}.Release|Any CPU.Build.0 = Release|Any CPU
		{E0A1D5FA-CD20-46DA-98D4-337A280F9F7F}.Debug|Any CPU.ActiveCfg = Debug|Any CPU
		{E0A1D5FA-CD20-46DA-98D4-337A280F9F7F}.Debug|Any CPU.Build.0 = Debug|Any CPU
		{E0A1D5FA-CD20-46DA-98D4-337A280F9F7F}.Release|Any CPU.ActiveCfg = Release|Any CPU
		{E0A1D5FA-CD20-46DA-98D4-337A280F9F7F}.Release|Any CPU.Build.0 = Release|Any CPU
	EndGlobalSection
	GlobalSection(SolutionProperties) = preSolution
		HideSolutionNode = FALSE
	EndGlobalSection
	GlobalSection(ExtensibilityGlobals) = postSolution
		SolutionGuid = {CD91B37E-07D1-4DAB-AE6C-7B6198960A9F}
	EndGlobalSection
EndGlobal
